hash: 3ec3fdd990e3a520ea9ca54e1acc8bde5d4767cbdd8f881a0aab2ae581170e40
updated: 2017-04-06T10:57:56.562119139+09:00
imports:
- name: github.com/bgpat/twtr
  version: bc53b0139fb82231cec5cf3091ddb9e9af4a1e34
- name: github.com/boj/redistore
  version: 3f631e1df8711f449f7b1796f5b8b7716e4319d0
- name: github.com/bradfitz/gomemcache
  version: 1952afaa557dc08e8e0d89eafab110fb501c1a2b
  subpackages:
  - memcache
- name: github.com/bradleypeabody/gorilla-sessions-memcache
  version: 88ee8d4815fec038f22ce295cffa0165820fc2b8
- name: github.com/dustin/go-jsonpointer
  version: ba0abeacc3dcca5b9b20f31509c46794edbc9965
- name: github.com/dustin/gojson
  version: 2e71ec9dd5adce3b168cd0dbde03b5cc04951c30
- name: github.com/garyburd/go-oauth
  version: 4f191fd0442e75c0c73bd00e4f5f27d4c08312ee
  subpackages:
  - oauth
- name: github.com/garyburd/redigo
  version: 0d253a66e6e1349f4581d6d2b300ee434ee2da9f
  subpackages:
  - internal
  - redis
- name: github.com/gin-contrib/sessions
  version: 7033812c3bbc5d8c6068d7d2bf9668c1d9f1a5e9
- name: github.com/gin-gonic/gin
  version: e2212d40c62a98b388a5eb48ecbdcf88534688ba
  subpackages:
  - binding
  - render
- name: github.com/golang/protobuf
  version: 2402d76f3d41f928c7902a765dfc872356dd3aad
  subpackages:
  - proto
- name: github.com/gorilla/context
  version: 08b5f424b9271eedf6f9f0ce86cb9396ed337a42
- name: github.com/gorilla/securecookie
  version: e59506cc896acb7f7bf732d4fdf5e25f7ccd8983
- name: github.com/gorilla/sessions
  version: ba78acc856fe7c79891d516131b3d903cc8d9367
- name: github.com/manucorporat/sse
  version: ee05b128a739a0fb76c7ebd3ae4810c1de808d6d
- name: github.com/mattn/go-isatty
  version: fc9e8d8ef48496124e79ae0df75490096eccf6fe
- name: golang.org/x/net
  version: f315505cf3349909cdf013ea56690da34e96a451
  subpackages:
  - context
- name: golang.org/x/sys
  version: 8f0908ab3b2457e2e15403d3697c9ef5cb4b57a9
  subpackages:
  - unix
- name: gopkg.in/gin-gonic/gin.v1
  version: e2212d40c62a98b388a5eb48ecbdcf88534688ba
- name: gopkg.in/go-playground/validator.v8
  version: c193cecd124b5cc722d7ee5538e945bdb3348435
- name: gopkg.in/yaml.v2
  version: a3f3340b5840cee44f372bddb5880fcbc419b46a
testImports: []
